
Microsoft Visual Studio Solution File, Format Version 12.00
# Visual Studio Version 16
VisualStudioVersion = 16.0.29519.87
MinimumVisualStudioVersion = 10.0.40219.1
Project("{FAE04EC0-301F-11D3-BF4B-00C04F79EFBC}") = "HonorsMCQ", "HonorsMCQ.csproj", "{1E9600BB-235D-4DF6-983D-03727B4D11CE}"
EndProject
Global
	GlobalSection(SolutionConfigurationPlatforms) = preSolution
		Debug|Any CPU = Debug|Any CPU
		Release|Any CPU = Release|Any CPU
	EndGlobalSection
	GlobalSection(ProjectConfigurationPlatforms) = postSolution
		{1E9600BB-235D-4DF6-983D-03727B4D11CE}.Debug|Any CPU.ActiveCfg = Debug|Any CPU
		{1E9600BB-235D-4DF6-983D-03727B4D11CE}.Debug|Any CPU.Build.0 = Debug|Any CPU
		{1E9600BB-235D-4DF6-983D-03727B4D11CE}.Release|Any CPU.ActiveCfg = Release|Any CPU
		{1E9600BB-235D-4DF6-983D-03727B4D11CE}.Release|Any CPU.Build.0 = Release|Any CPU
	EndGlobalSection
	GlobalSection(SolutionProperties) = preSolution
		HideSolutionNode = FALSE
	EndGlobalSection
	GlobalSection(ExtensibilityGlobals) = postSolution
		SolutionGuid = {988A471C-1BCB-4CF3-A318-D42A7D63B3CE}
	EndGlobalSection
EndGlobal
